
Microsoft Visual Studio Solution File, Format Version 12.00
# Visual Studio 14
VisualStudioVersion = 14.0.24720.0
MinimumVisualStudioVersion = 10.0.40219.1
Project("{FAE04EC0-301F-11D3-BF4B-00C04F79EFBC}") = "EnvCleanerUI", "EnvCleanerUI\EnvCleanerUI.csproj", "{8B81F320-33B2-4B21-8E77-47FAE2D6EDE2}"
EndProject
Project("{6141683F-8A12-4E36-9623-2EB02B2C2303}") = "Setup", "Setup\Setup.isproj", "{A631A3F0-8C2B-4103-83B8-316DA4F8F109}"
EndProject
Project("{FAE04EC0-301F-11D3-BF4B-00C04F79EFBC}") = "HelpCleaner", "HelpCleaner\HelpCleaner.csproj", "{8F1F8AB6-3377-45C9-AE71-91B709A522E6}"
EndProject
Global
	GlobalSection(SolutionConfigurationPlatforms) = preSolution
		Ad-Hoc|Any CPU = Ad-Hoc|Any CPU
		Ad-Hoc|ARM = Ad-Hoc|ARM
		Ad-Hoc|iPhone = Ad-Hoc|iPhone
		Ad-Hoc|iPhoneSimulator = Ad-Hoc|iPhoneSimulator
		Ad-Hoc|x64 = Ad-Hoc|x64
		Ad-Hoc|x86 = Ad-Hoc|x86
		AppStore|Any CPU = AppStore|Any CPU
		AppStore|ARM = AppStore|ARM
		AppStore|iPhone = AppStore|iPhone
		AppStore|iPhoneSimulator = AppStore|iPhoneSimulator
		AppStore|x64 = AppStore|x64
		AppStore|x86 = AppStore|x86
		CD_ROM|Any CPU = CD_ROM|Any CPU
		CD_ROM|ARM = CD_ROM|ARM
		CD_ROM|iPhone = CD_ROM|iPhone
		CD_ROM|iPhoneSimulator = CD_ROM|iPhoneSimulator
		CD_ROM|x64 = CD_ROM|x64
		CD_ROM|x86 = CD_ROM|x86
		Debug|Any CPU = Debug|Any CPU
		Debug|ARM = Debug|ARM
		Debug|iPhone = Debug|iPhone
		Debug|iPhoneSimulator = Debug|iPhoneSimulator
		Debug|x64 = Debug|x64
		Debug|x86 = Debug|x86
		DVD-5|Any CPU = DVD-5|Any CPU
		DVD-5|ARM = DVD-5|ARM
		DVD-5|iPhone = DVD-5|iPhone
		DVD-5|iPhoneSimulator = DVD-5|iPhoneSimulator
		DVD-5|x64 = DVD-5|x64
		DVD-5|x86 = DVD-5|x86
		Release|Any CPU = Release|Any CPU
		Release|ARM = Release|ARM
		Release|iPhone = Release|iPhone
		Release|iPhoneSimulator = Release|iPhoneSimulator
		Release|x64 = Release|x64
		Release|x86 = Release|x86
		SingleImage|Any CPU = SingleImage|Any CPU
		SingleImage|ARM = SingleImage|ARM
		SingleImage|iPhone = SingleImage|iPhone
		SingleImage|iPhoneSimulator = SingleImage|iPhoneSimulator
		SingleImage|x64 = SingleImage|x64
		SingleImage|x86 = SingleImage|x86
	EndGlobalSection
	GlobalSection(ProjectConfigurationPlatforms) = postSolution
		{8B81F320-33B2-4B21-8E77-47FAE2D6EDE2}.Ad-Hoc|Any CPU.ActiveCfg = Release|Any CPU
		{8B81F320-33B2-4B21-8E77-47FAE2D6EDE2}.Ad-Hoc|Any CPU.Build.0 = Release|Any CPU
		{8B81F320-33B2-4B21-8E77-47FAE2D6EDE2}.Ad-Hoc|ARM.ActiveCfg = Release|Any CPU
		{8B81F320-33B2-4B21-8E77-47FAE2D6EDE2}.Ad-Hoc|ARM.Build.0 = Release|Any CPU
		{8B81F320-33B2-4B21-8E77-47FAE2D6EDE2}.Ad-Hoc|iPhone.ActiveCfg = Release|Any CPU
		{8B81F320-33B2-4B21-8E77-47FAE2D6EDE2}.Ad-Hoc|iPhone.Build.0 = Release|Any CPU
		{8B81F320-33B2-4B21-8E77-47FAE2D6EDE2}.Ad-Hoc|iPhoneSimulator.ActiveCfg = Release|Any CPU
		{8B81F320-33B2-4B21-8E77-47FAE2D6EDE2}.Ad-Hoc|iPhoneSimulator.Build.0 = Release|Any CPU
		{8B81F320-33B2-4B21-8E77-47FAE2D6EDE2}.Ad-Hoc|x64.ActiveCfg = Release|Any CPU
		{8B81F320-33B2-4B21-8E77-47FAE2D6EDE2}.Ad-Hoc|x64.Build.0 = Release|Any CPU
		{8B81F320-33B2-4B21-8E77-47FAE2D6EDE2}.Ad-Hoc|x86.ActiveCfg = Release|Any CPU
		{8B81F320-33B2-4B21-8E77-47FAE2D6EDE2}.Ad-Hoc|x86.Build.0 = Release|Any CPU
		{8B81F320-33B2-4B21-8E77-47FAE2D6EDE2}.AppStore|Any CPU.ActiveCfg = Release|Any CPU
		{8B81F320-33B2-4B21-8E77-47FAE2D6EDE2}.AppStore|Any CPU.Build.0 = Release|Any CPU
		{8B81F320-33B2-4B21-8E77-47FAE2D6EDE2}.AppStore|ARM.ActiveCfg = Release|Any CPU
		{8B81F320-33B2-4B21-8E77-47FAE2D6EDE2}.AppStore|ARM.Build.0 = Release|Any CPU
		{8B81F320-33B2-4B21-8E77-47FAE2D6EDE2}.AppStore|iPhone.ActiveCfg = Release|Any CPU
		{8B81F320-33B2-4B21-8E77-47FAE2D6EDE2}.AppStore|iPhone.Build.0 = Release|Any CPU
		{8B81F320-33B2-4B21-8E77-47FAE2D6EDE2}.AppStore|iPhoneSimulator.ActiveCfg = Release|Any CPU
		{8B81F320-33B2-4B21-8E77-47FAE2D6EDE2}.AppStore|iPhoneSimulator.Build.0 = Release|Any CPU
		{8B81F320-33B2-4B21-8E77-47FAE2D6EDE2}.AppStore|x64.ActiveCfg = Release|Any CPU
		{8B81F320-33B2-4B21-8E77-47FAE2D6EDE2}.AppStore|x64.Build.0 = Release|Any CPU
		{8B81F320-33B2-4B21-8E77-47FAE2D6EDE2}.AppStore|x86.ActiveCfg = Release|Any CPU
		{8B81F320-33B2-4B21-8E77-47FAE2D6EDE2}.AppStore|x86.Build.0 = Release|Any CPU
		{8B81F320-33B2-4B21-8E77-47FAE2D6EDE2}.CD_ROM|Any CPU.ActiveCfg = Debug|Any CPU
		{8B81F320-33B2-4B21-8E77-47FAE2D6EDE2}.CD_ROM|Any CPU.Build.0 = Debug|Any CPU
		{8B81F320-33B2-4B21-8E77-47FAE2D6EDE2}.CD_ROM|ARM.ActiveCfg = Debug|Any CPU
		{8B81F320-33B2-4B21-8E77-47FAE2D6EDE2}.CD_ROM|ARM.Build.0 = Debug|Any CPU
		{8B81F320-33B2-4B21-8E77-47FAE2D6EDE2}.CD_ROM|iPhone.ActiveCfg = Debug|Any CPU
		{8B81F320-33B2-4B21-8E77-47FAE2D6EDE2}.CD_ROM|iPhone.Build.0 = Debug|Any CPU
		{8B81F320-33B2-4B21-8E77-47FAE2D6EDE2}.CD_ROM|iPhoneSimulator.ActiveCfg = Debug|Any CPU
		{8B81F320-33B2-4B21-8E77-47FAE2D6EDE2}.CD_ROM|iPhoneSimulator.Build.0 = Debug|Any CPU
		{8B81F320-33B2-4B21-8E77-47FAE2D6EDE2}.CD_ROM|x64.ActiveCfg = Debug|Any CPU
		{8B81F320-33B2-4B21-8E77-47FAE2D6EDE2}.CD_ROM|x64.Build.0 = Debug|Any CPU
		{8B81F320-33B2-4B21-8E77-47FAE2D6EDE2}.CD_ROM|x86.ActiveCfg = Debug|Any CPU
		{8B81F320-33B2-4B21-8E77-47FAE2D6EDE2}.CD_ROM|x86.Build.0 = Debug|Any CPU
		{8B81F320-33B2-4B21-8E77-47FAE2D6EDE2}.Debug|Any CPU.ActiveCfg = Debug|Any CPU
		{8B81F320-33B2-4B21-8E77-47FAE2D6EDE2}.Debug|Any CPU.Build.0 = Debug|Any CPU
		{8B81F320-33B2-4B21-8E77-47FAE2D6EDE2}.Debug|ARM.ActiveCfg = Debug|Any CPU
		{8B81F320-33B2-4B21-8E77-47FAE2D6EDE2}.Debug|ARM.Build.0 = Debug|Any CPU
		{8B81F320-33B2-4B21-8E77-47FAE2D6EDE2}.Debug|iPhone.ActiveCfg = Debug|Any CPU
		{8B81F320-33B2-4B21-8E77-47FAE2D6EDE2}.Debug|iPhone.Build.0 = Debug|Any CPU
		{8B81F320-33B2-4B21-8E77-47FAE2D6EDE2}.Debug|iPhoneSimulator.ActiveCfg = Debug|Any CPU
		{8B81F320-33B2-4B21-8E77-47FAE2D6EDE2}.Debug|iPhoneSimulator.Build.0 = Debug|Any CPU
		{8B81F320-33B2-4B21-8E77-47FAE2D6EDE2}.Debug|x64.ActiveCfg = Debug|Any CPU
		{8B81F320-33B2-4B21-8E77-47FAE2D6EDE2}.Debug|x64.Build.0 = Debug|Any CPU
		{8B81F320-33B2-4B21-8E77-47FAE2D6EDE2}.Debug|x86.ActiveCfg = Debug|Any CPU
		{8B81F320-33B2-4B21-8E77-47FAE2D6EDE2}.Debug|x86.Build.0 = Debug|Any CPU
		{8B81F320-33B2-4B21-8E77-47FAE2D6EDE2}.DVD-5|Any CPU.ActiveCfg = Debug|Any CPU
		{8B81F320-33B2-4B21-8E77-47FAE2D6EDE2}.DVD-5|Any CPU.Build.0 = Debug|Any CPU
		{8B81F320-33B2-4B21-8E77-47FAE2D6EDE2}.DVD-5|ARM.ActiveCfg = Debug|Any CPU
		{8B81F320-33B2-4B21-8E77-47FAE2D6EDE2}.DVD-5|ARM.Build.0 = Debug|Any CPU
		{8B81F320-33B2-4B21-8E77-47FAE2D6EDE2}.DVD-5|iPhone.ActiveCfg = Debug|Any CPU
		{8B81F320-33B2-4B21-8E77-47FAE2D6EDE2}.DVD-5|iPhone.Build.0 = Debug|Any CPU
		{8B81F320-33B2-4B21-8E77-47FAE2D6EDE2}.DVD-5|iPhoneSimulator.ActiveCfg = Debug|Any CPU
		{8B81F320-33B2-4B21-8E77-47FAE2D6EDE2}.DVD-5|iPhoneSimulator.Build.0 = Debug|Any CPU
		{8B81F320-33B2-4B21-8E77-47FAE2D6EDE2}.DVD-5|x64.ActiveCfg = Debug|Any CPU
		{8B81F320-33B2-4B21-8E77-47FAE2D6EDE2}.DVD-5|x64.Build.0 = Debug|Any CPU
		{8B81F320-33B2-4B21-8E77-47FAE2D6EDE2}.DVD-5|x86.ActiveCfg = Debug|Any CPU
		{8B81F320-33B2-4B21-8E77-47FAE2D6EDE2}.DVD-5|x86.Build.0 = Debug|Any CPU
		{8B81F320-33B2-4B21-8E77-47FAE2D6EDE2}.Release|Any CPU.ActiveCfg = Release|Any CPU
		{8B81F320-33B2-4B21-8E77-47FAE2D6EDE2}.Release|Any CPU.Build.0 = Release|Any CPU
		{8B81F320-33B2-4B21-8E77-47FAE2D6EDE2}.Release|ARM.ActiveCfg = Release|Any CPU
		{8B81F320-33B2-4B21-8E77-47FAE2D6EDE2}.Release|ARM.Build.0 = Release|Any CPU
		{8B81F320-33B2-4B21-8E77-47FAE2D6EDE2}.Release|iPhone.ActiveCfg = Release|Any CPU
		{8B81F320-33B2-4B21-8E77-47FAE2D6EDE2}.Release|iPhone.Build.0 = Release|Any CPU
		{8B81F320-33B2-4B21-8E77-47FAE2D6EDE2}.Release|iPhoneSimulator.ActiveCfg = Release|Any CPU
		{8B81F320-33B2-4B21-8E77-47FAE2D6EDE2}.Release|iPhoneSimulator.Build.0 = Release|Any CPU
		{8B81F320-33B2-4B21-8E77-47FAE2D6EDE2}.Release|x64.ActiveCfg = Release|Any CPU
		{8B81F320-33B2-4B21-8E77-47FAE2D6EDE2}.Release|x64.Build.0 = Release|Any CPU
		{8B81F320-33B2-4B21-8E77-47FAE2D6EDE2}.Release|x86.ActiveCfg = Release|Any CPU
		{8B81F320-33B2-4B21-8E77-47FAE2D6EDE2}.Release|x86.Build.0 = Release|Any CPU
		{8B81F320-33B2-4B21-8E77-47FAE2D6EDE2}.SingleImage|Any CPU.ActiveCfg = Debug|Any CPU
		{8B81F320-33B2-4B21-8E77-47FAE2D6EDE2}.SingleImage|Any CPU.Build.0 = Debug|Any CPU
		{8B81F320-33B2-4B21-8E77-47FAE2D6EDE2}.SingleImage|ARM.ActiveCfg = Debug|Any CPU
		{8B81F320-33B2-4B21-8E77-47FAE2D6EDE2}.SingleImage|ARM.Build.0 = Debug|Any CPU
		{8B81F320-33B2-4B21-8E77-47FAE2D6EDE2}.SingleImage|iPhone.ActiveCfg = Debug|Any CPU
		{8B81F320-33B2-4B21-8E77-47FAE2D6EDE2}.SingleImage|iPhone.Build.0 = Debug|Any CPU
		{8B81F320-33B2-4B21-8E77-47FAE2D6EDE2}.SingleImage|iPhoneSimulator.ActiveCfg = Debug|Any CPU
		{8B81F320-33B2-4B21-8E77-47FAE2D6EDE2}.SingleImage|iPhoneSimulator.Build.0 = Debug|Any CPU
		{8B81F320-33B2-4B21-8E77-47FAE2D6EDE2}.SingleImage|x64.ActiveCfg = Debug|Any CPU
		{8B81F320-33B2-4B21-8E77-47FAE2D6EDE2}.SingleImage|x64.Build.0 = Debug|Any CPU
		{8B81F320-33B2-4B21-8E77-47FAE2D6EDE2}.SingleImage|x86.ActiveCfg = Debug|Any CPU
		{8B81F320-33B2-4B21-8E77-47FAE2D6EDE2}.SingleImage|x86.Build.0 = Debug|Any CPU
		{A631A3F0-8C2B-4103-83B8-316DA4F8F109}.Ad-Hoc|Any CPU.ActiveCfg = SingleImage
		{A631A3F0-8C2B-4103-83B8-316DA4F8F109}.Ad-Hoc|Any CPU.Build.0 = SingleImage
		{A631A3F0-8C2B-4103-83B8-316DA4F8F109}.Ad-Hoc|ARM.ActiveCfg = SingleImage
		{A631A3F0-8C2B-4103-83B8-316DA4F8F109}.Ad-Hoc|ARM.Build.0 = SingleImage
		{A631A3F0-8C2B-4103-83B8-316DA4F8F109}.Ad-Hoc|iPhone.ActiveCfg = SingleImage
		{A631A3F0-8C2B-4103-83B8-316DA4F8F109}.Ad-Hoc|iPhone.Build.0 = SingleImage
		{A631A3F0-8C2B-4103-83B8-316DA4F8F109}.Ad-Hoc|iPhoneSimulator.ActiveCfg = SingleImage
		{A631A3F0-8C2B-4103-83B8-316DA4F8F109}.Ad-Hoc|iPhoneSimulator.Build.0 = SingleImage
		{A631A3F0-8C2B-4103-83B8-316DA4F8F109}.Ad-Hoc|x64.ActiveCfg = SingleImage
		{A631A3F0-8C2B-4103-83B8-316DA4F8F109}.Ad-Hoc|x64.Build.0 = SingleImage
		{A631A3F0-8C2B-4103-83B8-316DA4F8F109}.Ad-Hoc|x86.ActiveCfg = SingleImage
		{A631A3F0-8C2B-4103-83B8-316DA4F8F109}.Ad-Hoc|x86.Build.0 = SingleImage
		{A631A3F0-8C2B-4103-83B8-316DA4F8F109}.AppStore|Any CPU.ActiveCfg = SingleImage
		{A631A3F0-8C2B-4103-83B8-316DA4F8F109}.AppStore|Any CPU.Build.0 = SingleImage
		{A631A3F0-8C2B-4103-83B8-316DA4F8F109}.AppStore|ARM.ActiveCfg = SingleImage
		{A631A3F0-8C2B-4103-83B8-316DA4F8F109}.AppStore|ARM.Build.0 = SingleImage
		{A631A3F0-8C2B-4103-83B8-316DA4F8F109}.AppStore|iPhone.ActiveCfg = SingleImage
		{A631A3F0-8C2B-4103-83B8-316DA4F8F109}.AppStore|iPhone.Build.0 = SingleImage
		{A631A3F0-8C2B-4103-83B8-316DA4F8F109}.AppStore|iPhoneSimulator.ActiveCfg = SingleImage
		{A631A3F0-8C2B-4103-83B8-316DA4F8F109}.AppStore|iPhoneSimulator.Build.0 = SingleImage
		{A631A3F0-8C2B-4103-83B8-316DA4F8F109}.AppStore|x64.ActiveCfg = SingleImage
		{A631A3F0-8C2B-4103-83B8-316DA4F8F109}.AppStore|x64.Build.0 = SingleImage
		{A631A3F0-8C2B-4103-83B8-316DA4F8F109}.AppStore|x86.ActiveCfg = SingleImage
		{A631A3F0-8C2B-4103-83B8-316DA4F8F109}.AppStore|x86.Build.0 = SingleImage
		{A631A3F0-8C2B-4103-83B8-316DA4F8F109}.CD_ROM|Any CPU.ActiveCfg = CD_ROM
		{A631A3F0-8C2B-4103-83B8-316DA4F8F109}.CD_ROM|Any CPU.Build.0 = CD_ROM
		{A631A3F0-8C2B-4103-83B8-316DA4F8F109}.CD_ROM|ARM.ActiveCfg = CD_ROM
		{A631A3F0-8C2B-4103-83B8-316DA4F8F109}.CD_ROM|ARM.Build.0 = CD_ROM
		{A631A3F0-8C2B-4103-83B8-316DA4F8F109}.CD_ROM|iPhone.ActiveCfg = CD_ROM
		{A631A3F0-8C2B-4103-83B8-316DA4F8F109}.CD_ROM|iPhone.Build.0 = CD_ROM
		{A631A3F0-8C2B-4103-83B8-316DA4F8F109}.CD_ROM|iPhoneSimulator.ActiveCfg = CD_ROM
		{A631A3F0-8C2B-4103-83B8-316DA4F8F109}.CD_ROM|iPhoneSimulator.Build.0 = CD_ROM
		{A631A3F0-8C2B-4103-83B8-316DA4F8F109}.CD_ROM|x64.ActiveCfg = CD_ROM
		{A631A3F0-8C2B-4103-83B8-316DA4F8F109}.CD_ROM|x64.Build.0 = CD_ROM
		{A631A3F0-8C2B-4103-83B8-316DA4F8F109}.CD_ROM|x86.ActiveCfg = CD_ROM
		{A631A3F0-8C2B-4103-83B8-316DA4F8F109}.CD_ROM|x86.Build.0 = CD_ROM
		{A631A3F0-8C2B-4103-83B8-316DA4F8F109}.Debug|Any CPU.ActiveCfg = DVD-5
		{A631A3F0-8C2B-4103-83B8-316DA4F8F109}.Debug|Any CPU.Build.0 = DVD-5
		{A631A3F0-8C2B-4103-83B8-316DA4F8F109}.Debug|ARM.ActiveCfg = DVD-5
		{A631A3F0-8C2B-4103-83B8-316DA4F8F109}.Debug|ARM.Build.0 = DVD-5
		{A631A3F0-8C2B-4103-83B8-316DA4F8F109}.Debug|iPhone.ActiveCfg = DVD-5
		{A631A3F0-8C2B-4103-83B8-316DA4F8F109}.Debug|iPhone.Build.0 = DVD-5
		{A631A3F0-8C2B-4103-83B8-316DA4F8F109}.Debug|iPhoneSimulator.ActiveCfg = DVD-5
		{A631A3F0-8C2B-4103-83B8-316DA4F8F109}.Debug|iPhoneSimulator.Build.0 = DVD-5
		{A631A3F0-8C2B-4103-83B8-316DA4F8F109}.Debug|x64.ActiveCfg = DVD-5
		{A631A3F0-8C2B-4103-83B8-316DA4F8F109}.Debug|x64.Build.0 = DVD-5
		{A631A3F0-8C2B-4103-83B8-316DA4F8F109}.Debug|x86.ActiveCfg = DVD-5
		{A631A3F0-8C2B-4103-83B8-316DA4F8F109}.Debug|x86.Build.0 = DVD-5
		{A631A3F0-8C2B-4103-83B8-316DA4F8F109}.DVD-5|Any CPU.ActiveCfg = DVD-5
		{A631A3F0-8C2B-4103-83B8-316DA4F8F109}.DVD-5|Any CPU.Build.0 = DVD-5
		{A631A3F0-8C2B-4103-83B8-316DA4F8F109}.DVD-5|ARM.ActiveCfg = DVD-5
		{A631A3F0-8C2B-4103-83B8-316DA4F8F109}.DVD-5|ARM.Build.0 = DVD-5
		{A631A3F0-8C2B-4103-83B8-316DA4F8F109}.DVD-5|iPhone.ActiveCfg = DVD-5
		{A631A3F0-8C2B-4103-83B8-316DA4F8F109}.DVD-5|iPhone.Build.0 = DVD-5
		{A631A3F0-8C2B-4103-83B8-316DA4F8F109}.DVD-5|iPhoneSimulator.ActiveCfg = DVD-5
		{A631A3F0-8C2B-4103-83B8-316DA4F8F109}.DVD-5|iPhoneSimulator.Build.0 = DVD-5
		{A631A3F0-8C2B-4103-83B8-316DA4F8F109}.DVD-5|x64.ActiveCfg = DVD-5
		{A631A3F0-8C2B-4103-83B8-316DA4F8F109}.DVD-5|x64.Build.0 = DVD-5
		{A631A3F0-8C2B-4103-83B8-316DA4F8F109}.DVD-5|x86.ActiveCfg = DVD-5
		{A631A3F0-8C2B-4103-83B8-316DA4F8F109}.DVD-5|x86.Build.0 = DVD-5
		{A631A3F0-8C2B-4103-83B8-316DA4F8F109}.Release|Any CPU.ActiveCfg = SingleImage
		{A631A3F0-8C2B-4103-83B8-316DA4F8F109}.Release|Any CPU.Build.0 = SingleImage
		{A631A3F0-8C2B-4103-83B8-316DA4F8F109}.Release|ARM.ActiveCfg = SingleImage
		{A631A3F0-8C2B-4103-83B8-316DA4F8F109}.Release|ARM.Build.0 = SingleImage
		{A631A3F0-8C2B-4103-83B8-316DA4F8F109}.Release|iPhone.ActiveCfg = SingleImage
		{A631A3F0-8C2B-4103-83B8-316DA4F8F109}.Release|iPhone.Build.0 = SingleImage
		{A631A3F0-8C2B-4103-83B8-316DA4F8F109}.Release|iPhoneSimulator.ActiveCfg = SingleImage
		{A631A3F0-8C2B-4103-83B8-316DA4F8F109}.Release|iPhoneSimulator.Build.0 = SingleImage
		{A631A3F0-8C2B-4103-83B8-316DA4F8F109}.Release|x64.ActiveCfg = SingleImage
		{A631A3F0-8C2B-4103-83B8-316DA4F8F109}.Release|x64.Build.0 = SingleImage
		{A631A3F0-8C2B-4103-83B8-316DA4F8F109}.Release|x86.ActiveCfg = SingleImage
		{A631A3F0-8C2B-4103-83B8-316DA4F8F109}.Release|x86.Build.0 = SingleImage
		{A631A3F0-8C2B-4103-83B8-316DA4F8F109}.SingleImage|Any CPU.ActiveCfg = SingleImage
		{A631A3F0-8C2B-4103-83B8-316DA4F8F109}.SingleImage|Any CPU.Build.0 = SingleImage
		{A631A3F0-8C2B-4103-83B8-316DA4F8F109}.SingleImage|ARM.ActiveCfg = SingleImage
		{A631A3F0-8C2B-4103-83B8-316DA4F8F109}.SingleImage|ARM.Build.0 = SingleImage
		{A631A3F0-8C2B-4103-83B8-316DA4F8F109}.SingleImage|iPhone.ActiveCfg = SingleImage
		{A631A3F0-8C2B-4103-83B8-316DA4F8F109}.SingleImage|iPhone.Build.0 = SingleImage
		{A631A3F0-8C2B-4103-83B8-316DA4F8F109}.SingleImage|iPhoneSimulator.ActiveCfg = SingleImage
		{A631A3F0-8C2B-4103-83B8-316DA4F8F109}.SingleImage|iPhoneSimulator.Build.0 = SingleImage
		{A631A3F0-8C2B-4103-83B8-316DA4F8F109}.SingleImage|x64.ActiveCfg = SingleImage
		{A631A3F0-8C2B-4103-83B8-316DA4F8F109}.SingleImage|x64.Build.0 = SingleImage
		{A631A3F0-8C2B-4103-83B8-316DA4F8F109}.SingleImage|x86.ActiveCfg = SingleImage
		{A631A3F0-8C2B-4103-83B8-316DA4F8F109}.SingleImage|x86.Build.0 = SingleImage
		{8F1F8AB6-3377-45C9-AE71-91B709A522E6}.Ad-Hoc|Any CPU.ActiveCfg = Release|Any CPU
		{8F1F8AB6-3377-45C9-AE71-91B709A522E6}.Ad-Hoc|Any CPU.Build.0 = Release|Any CPU
		{8F1F8AB6-3377-45C9-AE71-91B709A522E6}.Ad-Hoc|ARM.ActiveCfg = Release|Any CPU
		{8F1F8AB6-3377-45C9-AE71-91B709A522E6}.Ad-Hoc|ARM.Build.0 = Release|Any CPU
		{8F1F8AB6-3377-45C9-AE71-91B709A522E6}.Ad-Hoc|iPhone.ActiveCfg = Release|Any CPU
		{8F1F8AB6-3377-45C9-AE71-91B709A522E6}.Ad-Hoc|iPhone.Build.0 = Release|Any CPU
		{8F1F8AB6-3377-45C9-AE71-91B709A522E6}.Ad-Hoc|iPhoneSimulator.ActiveCfg = Release|Any CPU
		{8F1F8AB6-3377-45C9-AE71-91B709A522E6}.Ad-Hoc|iPhoneSimulator.Build.0 = Release|Any CPU
		{8F1F8AB6-3377-45C9-AE71-91B709A522E6}.Ad-Hoc|x64.ActiveCfg = Release|Any CPU
		{8F1F8AB6-3377-45C9-AE71-91B709A522E6}.Ad-Hoc|x64.Build.0 = Release|Any CPU
		{8F1F8AB6-3377-45C9-AE71-91B709A522E6}.Ad-Hoc|x86.ActiveCfg = Release|Any CPU
		{8F1F8AB6-3377-45C9-AE71-91B709A522E6}.Ad-Hoc|x86.Build.0 = Release|Any CPU
		{8F1F8AB6-3377-45C9-AE71-91B709A522E6}.AppStore|Any CPU.ActiveCfg = Release|Any CPU
		{8F1F8AB6-3377-45C9-AE71-91B709A522E6}.AppStore|Any CPU.Build.0 = Release|Any CPU
		{8F1F8AB6-3377-45C9-AE71-91B709A522E6}.AppStore|ARM.ActiveCfg = Release|Any CPU
		{8F1F8AB6-3377-45C9-AE71-91B709A522E6}.AppStore|ARM.Build.0 = Release|Any CPU
		{8F1F8AB6-3377-45C9-AE71-91B709A522E6}.AppStore|iPhone.ActiveCfg = Release|Any CPU
		{8F1F8AB6-3377-45C9-AE71-91B709A522E6}.AppStore|iPhone.Build.0 = Release|Any CPU
		{8F1F8AB6-3377-45C9-AE71-91B709A522E6}.AppStore|iPhoneSimulator.ActiveCfg = Release|Any CPU
		{8F1F8AB6-3377-45C9-AE71-91B709A522E6}.AppStore|iPhoneSimulator.Build.0 = Release|Any CPU
		{8F1F8AB6-3377-45C9-AE71-91B709A522E6}.AppStore|x64.ActiveCfg = Release|Any CPU
		{8F1F8AB6-3377-45C9-AE71-91B709A522E6}.AppStore|x64.Build.0 = Release|Any CPU
		{8F1F8AB6-3377-45C9-AE71-91B709A522E6}.AppStore|x86.ActiveCfg = Release|Any CPU
		{8F1F8AB6-3377-45C9-AE71-91B709A522E6}.AppStore|x86.Build.0 = Release|Any CPU
		{8F1F8AB6-3377-45C9-AE71-91B709A522E6}.CD_ROM|Any CPU.ActiveCfg = Release|Any CPU
		{8F1F8AB6-3377-45C9-AE71-91B709A522E6}.CD_ROM|Any CPU.Build.0 = Release|Any CPU
		{8F1F8AB6-3377-45C9-AE71-91B709A522E6}.CD_ROM|ARM.ActiveCfg = Release|Any CPU
		{8F1F8AB6-3377-45C9-AE71-91B709A522E6}.CD_ROM|ARM.Build.0 = Release|Any CPU
		{8F1F8AB6-3377-45C9-AE71-91B709A522E6}.CD_ROM|iPhone.ActiveCfg = Release|Any CPU
		{8F1F8AB6-3377-45C9-AE71-91B709A522E6}.CD_ROM|iPhone.Build.0 = Release|Any CPU
		{8F1F8AB6-3377-45C9-AE71-91B709A522E6}.CD_ROM|iPhoneSimulator.ActiveCfg = Release|Any CPU
		{8F1F8AB6-3377-45C9-AE71-91B709A522E6}.CD_ROM|iPhoneSimulator.Build.0 = Release|Any CPU
		{8F1F8AB6-3377-45C9-AE71-91B709A522E6}.CD_ROM|x64.ActiveCfg = Release|Any CPU
		{8F1F8AB6-3377-45C9-AE71-91B709A522E6}.CD_ROM|x64.Build.0 = Release|Any CPU
		{8F1F8AB6-3377-45C9-AE71-91B709A522E6}.CD_ROM|x86.ActiveCfg = Release|Any CPU
		{8F1F8AB6-3377-45C9-AE71-91B709A522E6}.CD_ROM|x86.Build.0 = Release|Any CPU
		{8F1F8AB6-3377-45C9-AE71-91B709A522E6}.Debug|Any CPU.ActiveCfg = Debug|Any CPU
		{8F1F8AB6-3377-45C9-AE71-91B709A522E6}.Debug|Any CPU.Build.0 = Debug|Any CPU
		{8F1F8AB6-3377-45C9-AE71-91B709A522E6}.Debug|ARM.ActiveCfg = Debug|Any CPU
		{8F1F8AB6-3377-45C9-AE71-91B709A522E6}.Debug|ARM.Build.0 = Debug|Any CPU
		{8F1F8AB6-3377-45C9-AE71-91B709A522E6}.Debug|iPhone.ActiveCfg = Debug|Any CPU
		{8F1F8AB6-3377-45C9-AE71-91B709A522E6}.Debug|iPhone.Build.0 = Debug|Any CPU
		{8F1F8AB6-3377-45C9-AE71-91B709A522E6}.Debug|iPhoneSimulator.ActiveCfg = Debug|Any CPU
		{8F1F8AB6-3377-45C9-AE71-91B709A522E6}.Debug|iPhoneSimulator.Build.0 = Debug|Any CPU
		{8F1F8AB6-3377-45C9-AE71-91B709A522E6}.Debug|x64.ActiveCfg = Debug|Any CPU
		{8F1F8AB6-3377-45C9-AE71-91B709A522E6}.Debug|x64.Build.0 = Debug|Any CPU
		{8F1F8AB6-3377-45C9-AE71-91B709A522E6}.Debug|x86.ActiveCfg = Debug|Any CPU
		{8F1F8AB6-3377-45C9-AE71-91B709A522E6}.Debug|x86.Build.0 = Debug|Any CPU
		{8F1F8AB6-3377-45C9-AE71-91B709A522E6}.DVD-5|Any CPU.ActiveCfg = Debug|Any CPU
		{8F1F8AB6-3377-45C9-AE71-91B709A522E6}.DVD-5|Any CPU.Build.0 = Debug|Any CPU
		{8F1F8AB6-3377-45C9-AE71-91B709A522E6}.DVD-5|ARM.ActiveCfg = Debug|Any CPU
		{8F1F8AB6-3377-45C9-AE71-91B709A522E6}.DVD-5|ARM.Build.0 = Debug|Any CPU
		{8F1F8AB6-3377-45C9-AE71-91B709A522E6}.DVD-5|iPhone.ActiveCfg = Debug|Any CPU
		{8F1F8AB6-3377-45C9-AE71-91B709A522E6}.DVD-5|iPhone.Build.0 = Debug|Any CPU
		{8F1F8AB6-3377-45C9-AE71-91B709A522E6}.DVD-5|iPhoneSimulator.ActiveCfg = Debug|Any CPU
		{8F1F8AB6-3377-45C9-AE71-91B709A522E6}.DVD-5|iPhoneSimulator.Build.0 = Debug|Any CPU
		{8F1F8AB6-3377-45C9-AE71-91B709A522E6}.DVD-5|x64.ActiveCfg = Debug|Any CPU
		{8F1F8AB6-3377-45C9-AE71-91B709A522E6}.DVD-5|x64.Build.0 = Debug|Any CPU
		{8F1F8AB6-3377-45C9-AE71-91B709A522E6}.DVD-5|x86.ActiveCfg = Debug|Any CPU
		{8F1F8AB6-3377-45C9-AE71-91B709A522E6}.DVD-5|x86.Build.0 = Debug|Any CPU
		{8F1F8AB6-3377-45C9-AE71-91B709A522E6}.Release|Any CPU.ActiveCfg = Release|Any CPU
		{8F1F8AB6-3377-45C9-AE71-91B709A522E6}.Release|Any CPU.Build.0 = Release|Any CPU
		{8F1F8AB6-3377-45C9-AE71-91B709A522E6}.Release|ARM.ActiveCfg = Release|Any CPU
		{8F1F8AB6-3377-45C9-AE71-91B709A522E6}.Release|ARM.Build.0 = Release|Any CPU
		{8F1F8AB6-3377-45C9-AE71-91B709A522E6}.Release|iPhone.ActiveCfg = Release|Any CPU
		{8F1F8AB6-3377-45C9-AE71-91B709A522E6}.Release|iPhone.Build.0 = Release|Any CPU
		{8F1F8AB6-3377-45C9-AE71-91B709A522E6}.Release|iPhoneSimulator.ActiveCfg = Release|Any CPU
		{8F1F8AB6-3377-45C9-AE71-91B709A522E6}.Release|iPhoneSimulator.Build.0 = Release|Any CPU
		{8F1F8AB6-3377-45C9-AE71-91B709A522E6}.Release|x64.ActiveCfg = Release|Any CPU
		{8F1F8AB6-3377-45C9-AE71-91B709A522E6}.Release|x64.Build.0 = Release|Any CPU
		{8F1F8AB6-3377-45C9-AE71-91B709A522E6}.Release|x86.ActiveCfg = Release|Any CPU
		{8F1F8AB6-3377-45C9-AE71-91B709A522E6}.Release|x86.Build.0 = Release|Any CPU
		{8F1F8AB6-3377-45C9-AE71-91B709A522E6}.SingleImage|Any CPU.ActiveCfg = Release|Any CPU
		{8F1F8AB6-3377-45C9-AE71-91B709A522E6}.SingleImage|Any CPU.Build.0 = Release|Any CPU
		{8F1F8AB6-3377-45C9-AE71-91B709A522E6}.SingleImage|ARM.ActiveCfg = Release|Any CPU
		{8F1F8AB6-3377-45C9-AE71-91B709A522E6}.SingleImage|ARM.Build.0 = Release|Any CPU
		{8F1F8AB6-3377-45C9-AE71-91B709A522E6}.SingleImage|iPhone.ActiveCfg = Release|Any CPU
		{8F1F8AB6-3377-45C9-AE71-91B709A522E6}.SingleImage|iPhone.Build.0 = Release|Any CPU
		{8F1F8AB6-3377-45C9-AE71-91B709A522E6}.SingleImage|iPhoneSimulator.ActiveCfg = Release|Any CPU
		{8F1F8AB6-3377-45C9-AE71-91B709A522E6}.SingleImage|iPhoneSimulator.Build.0 = Release|Any CPU
		{8F1F8AB6-3377-45C9-AE71-91B709A522E6}.SingleImage|x64.ActiveCfg = Release|Any CPU
		{8F1F8AB6-3377-45C9-AE71-91B709A522E6}.SingleImage|x64.Build.0 = Release|Any CPU
		{8F1F8AB6-3377-45C9-AE71-91B709A522E6}.SingleImage|x86.ActiveCfg = Release|Any CPU
		{8F1F8AB6-3377-45C9-AE71-91B709A522E6}.SingleImage|x86.Build.0 = Release|Any CPU
	EndGlobalSection
	GlobalSection(SolutionProperties) = preSolution
		HideSolutionNode = FALSE
	EndGlobalSection
EndGlobal
